
Microsoft Visual Studio Solution File, Format Version 12.00
# Visual Studio Version 16
VisualStudioVersion = 16.0.31515.178
MinimumVisualStudioVersion = 10.0.40219.1
Project("{FAE04EC0-301F-11D3-BF4B-00C04F79EFBC}") = "ApiCatalogoJogos", "ApiCatalogoJogos\ApiCatalogoJogos.csproj", "{8802EE8A-211F-40CC-8902-CE029A74CBF3}"
EndProject
Global
	GlobalSection(SolutionConfigurationPlatforms) = preSolution
		Debug|Any CPU = Debug|Any CPU
		Release|Any CPU = Release|Any CPU
	EndGlobalSection
	GlobalSection(ProjectConfigurationPlatforms) = postSolution
		{8802EE8A-211F-40CC-8902-CE029A74CBF3}.Debug|Any CPU.ActiveCfg = Debug|Any CPU
		{8802EE8A-211F-40CC-8902-CE029A74CBF3}.Debug|Any CPU.Build.0 = Debug|Any CPU
		{8802EE8A-211F-40CC-8902-CE029A74CBF3}.Release|Any CPU.ActiveCfg = Release|Any CPU
		{8802EE8A-211F-40CC-8902-CE029A74CBF3}.Release|Any CPU.Build.0 = Release|Any CPU
	EndGlobalSection
	GlobalSection(SolutionProperties) = preSolution
		HideSolutionNode = FALSE
	EndGlobalSection
	GlobalSection(ExtensibilityGlobals) = postSolution
		SolutionGuid = {8A06334B-84CE-458A-8E47-8CAAC525C849}
	EndGlobalSection
EndGlobal
